
Microsoft Visual Studio Solution File, Format Version 12.00
# Visual Studio Version 16
VisualStudioVersion = 16.0.31321.278
MinimumVisualStudioVersion = 10.0.40219.1
Project("{FAE04EC0-301F-11D3-BF4B-00C04F79EFBC}") = "radioeditor", "radioeditor.csproj", "{D526A658-CCCC-42DE-A374-3E2F3FFFBD60}"
EndProject
Global
	GlobalSection(SolutionConfigurationPlatforms) = preSolution
		Debug|Any CPU = Debug|Any CPU
		Release|Any CPU = Release|Any CPU
	EndGlobalSection
	GlobalSection(ProjectConfigurationPlatforms) = postSolution
		{D526A658-CCCC-42DE-A374-3E2F3FFFBD60}.Debug|Any CPU.ActiveCfg = Debug|Any CPU
		{D526A658-CCCC-42DE-A374-3E2F3FFFBD60}.Debug|Any CPU.Build.0 = Debug|Any CPU
		{D526A658-CCCC-42DE-A374-3E2F3FFFBD60}.Release|Any CPU.ActiveCfg = Release|Any CPU
		{D526A658-CCCC-42DE-A374-3E2F3FFFBD60}.Release|Any CPU.Build.0 = Release|Any CPU
	EndGlobalSection
	GlobalSection(SolutionProperties) = preSolution
		HideSolutionNode = FALSE
	EndGlobalSection
	GlobalSection(ExtensibilityGlobals) = postSolution
		SolutionGuid = {8D4EF009-3F41-4B4B-B734-0C457F66C1B8}
	EndGlobalSection
EndGlobal
