
Microsoft Visual Studio Solution File, Format Version 12.00
# Visual Studio Version 16
VisualStudioVersion = 16.0.30711.63
MinimumVisualStudioVersion = 10.0.40219.1
Project("{888888A0-9F3D-457C-B088-3A5042F75D52}") = "RaspPiBoardTest", "RaspPiBoardTest.pyproj", "{F036E96E-7F3D-4CE6-99D7-F943301A73EC}"
EndProject
Global
	GlobalSection(SolutionConfigurationPlatforms) = preSolution
		Debug|Any CPU = Debug|Any CPU
		Release|Any CPU = Release|Any CPU
	EndGlobalSection
	GlobalSection(ProjectConfigurationPlatforms) = postSolution
		{F036E96E-7F3D-4CE6-99D7-F943301A73EC}.Debug|Any CPU.ActiveCfg = Debug|Any CPU
		{F036E96E-7F3D-4CE6-99D7-F943301A73EC}.Release|Any CPU.ActiveCfg = Release|Any CPU
	EndGlobalSection
	GlobalSection(SolutionProperties) = preSolution
		HideSolutionNode = FALSE
	EndGlobalSection
	GlobalSection(ExtensibilityGlobals) = postSolution
		SolutionGuid = {916DFD32-1B66-4EE7-A910-086FADBC3407}
	EndGlobalSection
EndGlobal
