Microsoft Visual Studio Solution File, Format Version 12.00
# Visual Studio Version 17
VisualStudioVersion = 17.5.2.0
MinimumVisualStudioVersion = 10.0.40219.1
Project("{FAE04EC0-301F-11D3-BF4B-00C04F79EFBC}") = "prog_tool", "prog_tool.csproj", "{0E38220E-9F08-96C6-4E8B-5C0EDD921A3A}"
EndProject
Global
	GlobalSection(SolutionConfigurationPlatforms) = preSolution
		Debug|Any CPU = Debug|Any CPU
		Release|Any CPU = Release|Any CPU
	EndGlobalSection
	GlobalSection(ProjectConfigurationPlatforms) = postSolution
		{0E38220E-9F08-96C6-4E8B-5C0EDD921A3A}.Debug|Any CPU.ActiveCfg = Debug|Any CPU
		{0E38220E-9F08-96C6-4E8B-5C0EDD921A3A}.Debug|Any CPU.Build.0 = Debug|Any CPU
		{0E38220E-9F08-96C6-4E8B-5C0EDD921A3A}.Release|Any CPU.ActiveCfg = Release|Any CPU
		{0E38220E-9F08-96C6-4E8B-5C0EDD921A3A}.Release|Any CPU.Build.0 = Release|Any CPU
	EndGlobalSection
	GlobalSection(SolutionProperties) = preSolution
		HideSolutionNode = FALSE
	EndGlobalSection
	GlobalSection(ExtensibilityGlobals) = postSolution
		SolutionGuid = {D089EE81-9644-41B2-B50F-4A8261507FB8}
	EndGlobalSection
EndGlobal
