
Microsoft Visual Studio Solution File, Format Version 12.00
# Visual Studio 15
VisualStudioVersion = 15.0.28307.902
MinimumVisualStudioVersion = 10.0.40219.1
Project("{FAE04EC0-301F-11D3-BF4B-00C04F79EFBC}") = "bin2inc", "bin2inc.csproj", "{AE748F6B-5621-4806-B0E7-354DB5699C63}"
EndProject
Global
	GlobalSection(SolutionConfigurationPlatforms) = preSolution
		Debug|Any CPU = Debug|Any CPU
		Filling|Any CPU = Filling|Any CPU
		Release|Any CPU = Release|Any CPU
	EndGlobalSection
	GlobalSection(ProjectConfigurationPlatforms) = postSolution
		{AE748F6B-5621-4806-B0E7-354DB5699C63}.Debug|Any CPU.ActiveCfg = Debug|Any CPU
		{AE748F6B-5621-4806-B0E7-354DB5699C63}.Debug|Any CPU.Build.0 = Debug|Any CPU
		{AE748F6B-5621-4806-B0E7-354DB5699C63}.Filling|Any CPU.ActiveCfg = Filling|Any CPU
		{AE748F6B-5621-4806-B0E7-354DB5699C63}.Filling|Any CPU.Build.0 = Filling|Any CPU
		{AE748F6B-5621-4806-B0E7-354DB5699C63}.Release|Any CPU.ActiveCfg = Release|Any CPU
		{AE748F6B-5621-4806-B0E7-354DB5699C63}.Release|Any CPU.Build.0 = Release|Any CPU
	EndGlobalSection
	GlobalSection(SolutionProperties) = preSolution
		HideSolutionNode = FALSE
	EndGlobalSection
	GlobalSection(ExtensibilityGlobals) = postSolution
		SolutionGuid = {46DAB590-2CEA-4B12-92A2-FD266AEEBE78}
	EndGlobalSection
EndGlobal
