
Microsoft Visual Studio Solution File, Format Version 12.00
# Visual Studio Version 16
VisualStudioVersion = 16.0.30711.63
MinimumVisualStudioVersion = 10.0.40219.1
Project("{888888A0-9F3D-457C-B088-3A5042F75D52}") = "RaspPiBoardTest", "RaspPiBoardTest.pyproj", "{DC642FB3-3FDF-4BFF-A8DE-E9D0883F80AD}"
EndProject
Global
	GlobalSection(SolutionConfigurationPlatforms) = preSolution
		Debug|Any CPU = Debug|Any CPU
		Release|Any CPU = Release|Any CPU
	EndGlobalSection
	GlobalSection(ProjectConfigurationPlatforms) = postSolution
		{DC642FB3-3FDF-4BFF-A8DE-E9D0883F80AD}.Debug|Any CPU.ActiveCfg = Debug|Any CPU
		{DC642FB3-3FDF-4BFF-A8DE-E9D0883F80AD}.Release|Any CPU.ActiveCfg = Release|Any CPU
	EndGlobalSection
	GlobalSection(SolutionProperties) = preSolution
		HideSolutionNode = FALSE
	EndGlobalSection
	GlobalSection(ExtensibilityGlobals) = postSolution
		SolutionGuid = {067C5782-E4C7-4C5C-A703-483E4B557F84}
	EndGlobalSection
EndGlobal
